
Microsoft Visual Studio Solution File, Format Version 12.00
# Visual Studio Version 17
VisualStudioVersion = 17.6.33712.159
MinimumVisualStudioVersion = 10.0.40219.1
Project("{FAE04EC0-301F-11D3-BF4B-00C04F79EFBC}") = "Tabel", "Tabel.csproj", "{38C36499-160E-4382-858B-F2BFBBFD652A}"
EndProject
Global
	GlobalSection(SolutionConfigurationPlatforms) = preSolution
		Debug|Any CPU = Debug|Any CPU
		Release|Any CPU = Release|Any CPU
	EndGlobalSection
	GlobalSection(ProjectConfigurationPlatforms) = postSolution
		{38C36499-160E-4382-858B-F2BFBBFD652A}.Debug|Any CPU.ActiveCfg = Debug|Any CPU
		{38C36499-160E-4382-858B-F2BFBBFD652A}.Debug|Any CPU.Build.0 = Debug|Any CPU
		{38C36499-160E-4382-858B-F2BFBBFD652A}.Release|Any CPU.ActiveCfg = Release|Any CPU
		{38C36499-160E-4382-858B-F2BFBBFD652A}.Release|Any CPU.Build.0 = Release|Any CPU
	EndGlobalSection
	GlobalSection(SolutionProperties) = preSolution
		HideSolutionNode = FALSE
	EndGlobalSection
	GlobalSection(ExtensibilityGlobals) = postSolution
		SolutionGuid = {519338F4-8EE8-4EBB-8763-055C1114FF7F}
	EndGlobalSection
EndGlobal
